
Microsoft Visual Studio Solution File, Format Version 12.00
Project("{FAE04EC0-301F-11D3-BF4B-00C04F79EFBC}") = "BattleshipsStateTracker", "BattleshipsStateTracker\BattleshipsStateTracker.csproj", "{26DAACD4-E2BE-4E68-BB57-2056E6BC12DC}"
EndProject
Global
	GlobalSection(SolutionConfigurationPlatforms) = preSolution
		Debug|Any CPU = Debug|Any CPU
		Release|Any CPU = Release|Any CPU
	EndGlobalSection
	GlobalSection(ProjectConfigurationPlatforms) = postSolution
		{26DAACD4-E2BE-4E68-BB57-2056E6BC12DC}.Debug|Any CPU.ActiveCfg = Debug|Any CPU
		{26DAACD4-E2BE-4E68-BB57-2056E6BC12DC}.Debug|Any CPU.Build.0 = Debug|Any CPU
		{26DAACD4-E2BE-4E68-BB57-2056E6BC12DC}.Release|Any CPU.ActiveCfg = Release|Any CPU
		{26DAACD4-E2BE-4E68-BB57-2056E6BC12DC}.Release|Any CPU.Build.0 = Release|Any CPU
	EndGlobalSection
EndGlobal
